// !$*UTF8*$!
{
	archiveVersion = 1;
	classes = {
	};
	objectVersion = 50;
	objects = {

/* Begin PBXBuildFile section */
		6CAD38BD2212955900B7DED8 /* CustomAnnotation.m in Sources */ = {isa = PBXBuildFile; fileRef = 6CAD38BC2212955900B7DED8 /* CustomAnnotation.m */; };
		6CB61BF22204496200F8F096 /* AppDelegate.m in Sources */ = {isa = PBXBuildFile; fileRef = 6CB61BF12204496200F8F096 /* AppDelegate.m */; };
		6CB61BF52204496200F8F096 /* ViewController.m in Sources */ = {isa = PBXBuildFile; fileRef = 6CB61BF42204496200F8F096 /* ViewController.m */; };
		6CB61BF82204496200F8F096 /* Main.storyboard in Resources */ = {isa = PBXBuildFile; fileRef = 6CB61BF62204496200F8F096 /* Main.storyboard */; };
		6CB61BFA2204496400F8F096 /* Assets.xcassets in Resources */ = {isa = PBXBuildFile; fileRef = 6CB61BF92204496400F8F096 /* Assets.xcassets */; };
		6CB61BFD2204496400F8F096 /* LaunchScreen.storyboard in Resources */ = {isa = PBXBuildFile; fileRef = 6CB61BFB2204496400F8F096 /* LaunchScreen.storyboard */; };
		6CB61C002204496400F8F096 /* main.m in Sources */ = {isa = PBXBuildFile; fileRef = 6CB61BFF2204496400F8F096 /* main.m */; };
		6CB61C08220449A100F8F096 /* libsqlite3.tbd in Frameworks */ = {isa = PBXBuildFile; fileRef = 6CB61C07220449A100F8F096 /* libsqlite3.tbd */; };
		6CB61C0A22044AA900F8F096 /* member.db in Resources */ = {isa = PBXBuildFile; fileRef = 6CB61C0922044AA900F8F096 /* member.db */; };
		6CB61C0E2205502100F8F096 /* TableViewCell.m in Sources */ = {isa = PBXBuildFile; fileRef = 6CB61C0C2205502100F8F096 /* TableViewCell.m */; };
		6CB61C0F2205502100F8F096 /* TableViewCell.xib in Resources */ = {isa = PBXBuildFile; fileRef = 6CB61C0D2205502100F8F096 /* TableViewCell.xib */; };
		6CB61C1B22055E7900F8F096 /* SDRefreshHeaderView.m in Sources */ = {isa = PBXBuildFile; fileRef = 6CB61C1422055E7800F8F096 /* SDRefreshHeaderView.m */; };
		6CB61C1C22055E7900F8F096 /* sdRefeshView_arrow@2x.png in Resources */ = {isa = PBXBuildFile; fileRef = 6CB61C1522055E7800F8F096 /* sdRefeshView_arrow@2x.png */; };
		6CB61C1D22055E7900F8F096 /* UIView+SDExtension.m in Sources */ = {isa = PBXBuildFile; fileRef = 6CB61C1622055E7800F8F096 /* UIView+SDExtension.m */; };
		6CB61C1E22055E7900F8F096 /* SDRefreshFooterView.m in Sources */ = {isa = PBXBuildFile; fileRef = 6CB61C1722055E7800F8F096 /* SDRefreshFooterView.m */; };
		6CB61C1F22055E7900F8F096 /* SDRefreshView.m in Sources */ = {isa = PBXBuildFile; fileRef = 6CB61C1A22055E7800F8F096 /* SDRefreshView.m */; };
		6CB61C2322055EEE00F8F096 /* ProgressHUD.m in Sources */ = {isa = PBXBuildFile; fileRef = 6CB61C2222055EEE00F8F096 /* ProgressHUD.m */; };
		6CB61C272205615400F8F096 /* ParkingDetailViewController.m in Sources */ = {isa = PBXBuildFile; fileRef = 6CB61C252205615400F8F096 /* ParkingDetailViewController.m */; };
		6CB61C282205615400F8F096 /* ParkingDetailViewController.xib in Resources */ = {isa = PBXBuildFile; fileRef = 6CB61C262205615400F8F096 /* ParkingDetailViewController.xib */; };
		6CB61C312205669800F8F096 /* ParkingDetailCell.m in Sources */ = {isa = PBXBuildFile; fileRef = 6CB61C2F2205669800F8F096 /* ParkingDetailCell.m */; };
		6CB61C322205669800F8F096 /* ParkingDetailCell.xib in Resources */ = {isa = PBXBuildFile; fileRef = 6CB61C302205669800F8F096 /* ParkingDetailCell.xib */; };
		A6F488332517525B6DB61038 /* libPods-MicroProgramTest.a in Frameworks */ = {isa = PBXBuildFile; fileRef = 99FBD00BFB928591F3BFBCAD /* libPods-MicroProgramTest.a */; };
/* End PBXBuildFile section */

/* Begin PBXFileReference section */
		03F61B10ED77E6F8BAFF90EA /* Pods-MicroProgramTest.debug.xcconfig */ = {isa = PBXFileReference; includeInIndex = 1; lastKnownFileType = text.xcconfig; name = "Pods-MicroProgramTest.debug.xcconfig"; path = "Target Support Files/Pods-MicroProgramTest/Pods-MicroProgramTest.debug.xcconfig"; sourceTree = "<group>"; };
		21AC36D39EDBF74EAD9C2B6A /* Pods-MicroProgramTest.release.xcconfig */ = {isa = PBXFileReference; includeInIndex = 1; lastKnownFileType = text.xcconfig; name = "Pods-MicroProgramTest.release.xcconfig"; path = "Target Support Files/Pods-MicroProgramTest/Pods-MicroProgramTest.release.xcconfig"; sourceTree = "<group>"; };
		6CAD38BB2212955900B7DED8 /* CustomAnnotation.h */ = {isa = PBXFileReference; lastKnownFileType = sourcecode.c.h; path = CustomAnnotation.h; sourceTree = "<group>"; };
		6CAD38BC2212955900B7DED8 /* CustomAnnotation.m */ = {isa = PBXFileReference; lastKnownFileType = sourcecode.c.objc; path = CustomAnnotation.m; sourceTree = "<group>"; };
		6CB61BED2204496200F8F096 /* MicroProgramTest.app */ = {isa = PBXFileReference; explicitFileType = wrapper.application; includeInIndex = 0; path = MicroProgramTest.app; sourceTree = BUILT_PRODUCTS_DIR; };
		6CB61BF02204496200F8F096 /* AppDelegate.h */ = {isa = PBXFileReference; lastKnownFileType = sourcecode.c.h; path = AppDelegate.h; sourceTree = "<group>"; };
		6CB61BF12204496200F8F096 /* AppDelegate.m */ = {isa = PBXFileReference; lastKnownFileType = sourcecode.c.objc; path = AppDelegate.m; sourceTree = "<group>"; };
		6CB61BF32204496200F8F096 /* ViewController.h */ = {isa = PBXFileReference; lastKnownFileType = sourcecode.c.h; path = ViewController.h; sourceTree = "<group>"; };
		6CB61BF42204496200F8F096 /* ViewController.m */ = {isa = PBXFileReference; lastKnownFileType = sourcecode.c.objc; path = ViewController.m; sourceTree = "<group>"; };
		6CB61BF72204496200F8F096 /* Base */ = {isa = PBXFileReference; lastKnownFileType = file.storyboard; name = Base; path = Base.lproj/Main.storyboard; sourceTree = "<group>"; };
		6CB61BF92204496400F8F096 /* Assets.xcassets */ = {isa = PBXFileReference; lastKnownFileType = folder.assetcatalog; path = Assets.xcassets; sourceTree = "<group>"; };
		6CB61BFC2204496400F8F096 /* Base */ = {isa = PBXFileReference; lastKnownFileType = file.storyboard; name = Base; path = Base.lproj/LaunchScreen.storyboard; sourceTree = "<group>"; };
		6CB61BFE2204496400F8F096 /* Info.plist */ = {isa = PBXFileReference; lastKnownFileType = text.plist.xml; path = Info.plist; sourceTree = "<group>"; };
		6CB61BFF2204496400F8F096 /* main.m */ = {isa = PBXFileReference; lastKnownFileType = sourcecode.c.objc; path = main.m; sourceTree = "<group>"; };
		6CB61C07220449A100F8F096 /* libsqlite3.tbd */ = {isa = PBXFileReference; lastKnownFileType = "sourcecode.text-based-dylib-definition"; name = libsqlite3.tbd; path = usr/lib/libsqlite3.tbd; sourceTree = SDKROOT; };
		6CB61C0922044AA900F8F096 /* member.db */ = {isa = PBXFileReference; lastKnownFileType = file; path = member.db; sourceTree = SOURCE_ROOT; };
		6CB61C0B2205502100F8F096 /* TableViewCell.h */ = {isa = PBXFileReference; lastKnownFileType = sourcecode.c.h; path = TableViewCell.h; sourceTree = "<group>"; };
		6CB61C0C2205502100F8F096 /* TableViewCell.m */ = {isa = PBXFileReference; lastKnownFileType = sourcecode.c.objc; path = TableViewCell.m; sourceTree = "<group>"; };
		6CB61C0D2205502100F8F096 /* TableViewCell.xib */ = {isa = PBXFileReference; lastKnownFileType = file.xib; path = TableViewCell.xib; sourceTree = "<group>"; };
		6CB61C1122055E7800F8F096 /* UIView+SDExtension.h */ = {isa = PBXFileReference; fileEncoding = 4; lastKnownFileType = sourcecode.c.h; path = "UIView+SDExtension.h"; sourceTree = "<group>"; };
		6CB61C1222055E7800F8F096 /* SDRefreshFooterView.h */ = {isa = PBXFileReference; fileEncoding = 4; lastKnownFileType = sourcecode.c.h; path = SDRefreshFooterView.h; sourceTree = "<group>"; };
		6CB61C1322055E7800F8F096 /* SDRefreshView.h */ = {isa = PBXFileReference; fileEncoding = 4; lastKnownFileType = sourcecode.c.h; path = SDRefreshView.h; sourceTree = "<group>"; };
		6CB61C1422055E7800F8F096 /* SDRefreshHeaderView.m */ = {isa = PBXFileReference; fileEncoding = 4; lastKnownFileType = sourcecode.c.objc; path = SDRefreshHeaderView.m; sourceTree = "<group>"; };
		6CB61C1522055E7800F8F096 /* sdRefeshView_arrow@2x.png */ = {isa = PBXFileReference; lastKnownFileType = image.png; path = "sdRefeshView_arrow@2x.png"; sourceTree = "<group>"; };
		6CB61C1622055E7800F8F096 /* UIView+SDExtension.m */ = {isa = PBXFileReference; fileEncoding = 4; lastKnownFileType = sourcecode.c.objc; path = "UIView+SDExtension.m"; sourceTree = "<group>"; };
		6CB61C1722055E7800F8F096 /* SDRefreshFooterView.m */ = {isa = PBXFileReference; fileEncoding = 4; lastKnownFileType = sourcecode.c.objc; path = SDRefreshFooterView.m; sourceTree = "<group>"; };
		6CB61C1822055E7800F8F096 /* SDRefresh.h */ = {isa = PBXFileReference; fileEncoding = 4; lastKnownFileType = sourcecode.c.h; path = SDRefresh.h; sourceTree = "<group>"; };
		6CB61C1922055E7800F8F096 /* SDRefreshHeaderView.h */ = {isa = PBXFileReference; fileEncoding = 4; lastKnownFileType = sourcecode.c.h; path = SDRefreshHeaderView.h; sourceTree = "<group>"; };
		6CB61C1A22055E7800F8F096 /* SDRefreshView.m */ = {isa = PBXFileReference; fileEncoding = 4; lastKnownFileType = sourcecode.c.objc; path = SDRefreshView.m; sourceTree = "<group>"; };
		6CB61C2122055EEE00F8F096 /* ProgressHUD.h */ = {isa = PBXFileReference; fileEncoding = 4; lastKnownFileType = sourcecode.c.h; path = ProgressHUD.h; sourceTree = "<group>"; };
		6CB61C2222055EEE00F8F096 /* ProgressHUD.m */ = {isa = PBXFileReference; fileEncoding = 4; lastKnownFileType = sourcecode.c.objc; path = ProgressHUD.m; sourceTree = "<group>"; };
		6CB61C242205615400F8F096 /* ParkingDetailViewController.h */ = {isa = PBXFileReference; lastKnownFileType = sourcecode.c.h; path = ParkingDetailViewController.h; sourceTree = "<group>"; };
		6CB61C252205615400F8F096 /* ParkingDetailViewController.m */ = {isa = PBXFileReference; lastKnownFileType = sourcecode.c.objc; path = ParkingDetailViewController.m; sourceTree = "<group>"; };
		6CB61C262205615400F8F096 /* ParkingDetailViewController.xib */ = {isa = PBXFileReference; lastKnownFileType = file.xib; path = ParkingDetailViewController.xib; sourceTree = "<group>"; };
		6CB61C2E2205669800F8F096 /* ParkingDetailCell.h */ = {isa = PBXFileReference; lastKnownFileType = sourcecode.c.h; path = ParkingDetailCell.h; sourceTree = "<group>"; };
		6CB61C2F2205669800F8F096 /* ParkingDetailCell.m */ = {isa = PBXFileReference; lastKnownFileType = sourcecode.c.objc; path = ParkingDetailCell.m; sourceTree = "<group>"; };
		6CB61C302205669800F8F096 /* ParkingDetailCell.xib */ = {isa = PBXFileReference; lastKnownFileType = file.xib; path = ParkingDetailCell.xib; sourceTree = "<group>"; };
		99FBD00BFB928591F3BFBCAD /* libPods-MicroProgramTest.a */ = {isa = PBXFileReference; explicitFileType = archive.ar; includeInIndex = 0; path = "libPods-MicroProgramTest.a"; sourceTree = BUILT_PRODUCTS_DIR; };
/* End PBXFileReference section */

/* Begin PBXFrameworksBuildPhase section */
		6CB61BEA2204496200F8F096 /* Frameworks */ = {
			isa = PBXFrameworksBuildPhase;
			buildActionMask = 2147483647;
			files = (
				6CB61C08220449A100F8F096 /* libsqlite3.tbd in Frameworks */,
				A6F488332517525B6DB61038 /* libPods-MicroProgramTest.a in Frameworks */,
			);
			runOnlyForDeploymentPostprocessing = 0;
		};
/* End PBXFrameworksBuildPhase section */

/* Begin PBXGroup section */
		6CB61BE42204496200F8F096 = {
			isa = PBXGroup;
			children = (
				6CB61BEF2204496200F8F096 /* MicroProgramTest */,
				6CB61BEE2204496200F8F096 /* Products */,
				6CB61C06220449A100F8F096 /* Frameworks */,
				9D89A141BE953D299D788DC7 /* Pods */,
			);
			sourceTree = "<group>";
		};
		6CB61BEE2204496200F8F096 /* Products */ = {
			isa = PBXGroup;
			children = (
				6CB61BED2204496200F8F096 /* MicroProgramTest.app */,
			);
			name = Products;
			sourceTree = "<group>";
		};
		6CB61BEF2204496200F8F096 /* MicroProgramTest */ = {
			isa = PBXGroup;
			children = (
				6CB61C1022055E7800F8F096 /* SDRefresh */,
				6CB61C2022055EEE00F8F096 /* ProgressHUD */,
				6CB61C0922044AA900F8F096 /* member.db */,
				6CB61BF02204496200F8F096 /* AppDelegate.h */,
				6CB61BF12204496200F8F096 /* AppDelegate.m */,
				6CB61BF32204496200F8F096 /* ViewController.h */,
				6CB61BF42204496200F8F096 /* ViewController.m */,
				6CB61C0B2205502100F8F096 /* TableViewCell.h */,
				6CB61C0C2205502100F8F096 /* TableViewCell.m */,
				6CB61C0D2205502100F8F096 /* TableViewCell.xib */,
				6CB61C242205615400F8F096 /* ParkingDetailViewController.h */,
				6CB61C252205615400F8F096 /* ParkingDetailViewController.m */,
				6CB61C262205615400F8F096 /* ParkingDetailViewController.xib */,
				6CB61C2E2205669800F8F096 /* ParkingDetailCell.h */,
				6CB61C2F2205669800F8F096 /* ParkingDetailCell.m */,
				6CB61C302205669800F8F096 /* ParkingDetailCell.xib */,
				6CAD38BB2212955900B7DED8 /* CustomAnnotation.h */,
				6CAD38BC2212955900B7DED8 /* CustomAnnotation.m */,
				6CB61BF62204496200F8F096 /* Main.storyboard */,
				6CB61BF92204496400F8F096 /* Assets.xcassets */,
				6CB61BFB2204496400F8F096 /* LaunchScreen.storyboard */,
				6CB61BFE2204496400F8F096 /* Info.plist */,
				6CB61BFF2204496400F8F096 /* main.m */,
			);
			path = MicroProgramTest;
			sourceTree = "<group>";
		};
		6CB61C06220449A100F8F096 /* Frameworks */ = {
			isa = PBXGroup;
			children = (
				6CB61C07220449A100F8F096 /* libsqlite3.tbd */,
				99FBD00BFB928591F3BFBCAD /* libPods-MicroProgramTest.a */,
			);
			name = Frameworks;
			sourceTree = "<group>";
		};
		6CB61C1022055E7800F8F096 /* SDRefresh */ = {
			isa = PBXGroup;
			children = (
				6CB61C1122055E7800F8F096 /* UIView+SDExtension.h */,
				6CB61C1222055E7800F8F096 /* SDRefreshFooterView.h */,
				6CB61C1322055E7800F8F096 /* SDRefreshView.h */,
				6CB61C1422055E7800F8F096 /* SDRefreshHeaderView.m */,
				6CB61C1522055E7800F8F096 /* sdRefeshView_arrow@2x.png */,
				6CB61C1622055E7800F8F096 /* UIView+SDExtension.m */,
				6CB61C1722055E7800F8F096 /* SDRefreshFooterView.m */,
				6CB61C1822055E7800F8F096 /* SDRefresh.h */,
				6CB61C1922055E7800F8F096 /* SDRefreshHeaderView.h */,
				6CB61C1A22055E7800F8F096 /* SDRefreshView.m */,
			);
			path = SDRefresh;
			sourceTree = "<group>";
		};
		6CB61C2022055EEE00F8F096 /* ProgressHUD */ = {
			isa = PBXGroup;
			children = (
				6CB61C2122055EEE00F8F096 /* ProgressHUD.h */,
				6CB61C2222055EEE00F8F096 /* ProgressHUD.m */,
			);
			path = ProgressHUD;
			sourceTree = "<group>";
		};
		9D89A141BE953D299D788DC7 /* Pods */ = {
			isa = PBXGroup;
			children = (
				03F61B10ED77E6F8BAFF90EA /* Pods-MicroProgramTest.debug.xcconfig */,
				21AC36D39EDBF74EAD9C2B6A /* Pods-MicroProgramTest.release.xcconfig */,
			);
			path = Pods;
			sourceTree = "<group>";
		};
/* End PBXGroup section */

/* Begin PBXNativeTarget section */
		6CB61BEC2204496200F8F096 /* MicroProgramTest */ = {
			isa = PBXNativeTarget;
			buildConfigurationList = 6CB61C032204496400F8F096 /* Build configuration list for PBXNativeTarget "MicroProgramTest" */;
			buildPhases = (
				CDDE5149EFD1B90BD610E3D4 /* [CP] Check Pods Manifest.lock */,
				6CB61BE92204496200F8F096 /* Sources */,
				6CB61BEA2204496200F8F096 /* Frameworks */,
				6CB61BEB2204496200F8F096 /* Resources */,
			);
			buildRules = (
			);
			dependencies = (
			);
			name = MicroProgramTest;
			productName = MicroProgramTest;
			productReference = 6CB61BED2204496200F8F096 /* MicroProgramTest.app */;
			productType = "com.apple.product-type.application";
		};
/* End PBXNativeTarget section */

/* Begin PBXProject section */
		6CB61BE52204496200F8F096 /* Project object */ = {
			isa = PBXProject;
			attributes = {
				LastUpgradeCheck = 1010;
				ORGANIZATIONNAME = "Owen Huang";
				TargetAttributes = {
					6CB61BEC2204496200F8F096 = {
						CreatedOnToolsVersion = 10.1;
					};
				};
			};
			buildConfigurationList = 6CB61BE82204496200F8F096 /* Build configuration list for PBXProject "MicroProgramTest" */;
			compatibilityVersion = "Xcode 9.3";
			developmentRegion = en;
			hasScannedForEncodings = 0;
			knownRegions = (
				en,
				Base,
			);
			mainGroup = 6CB61BE42204496200F8F096;
			productRefGroup = 6CB61BEE2204496200F8F096 /* Products */;
			projectDirPath = "";
			projectRoot = "";
			targets = (
				6CB61BEC2204496200F8F096 /* MicroProgramTest */,
			);
		};
/* End PBXProject section */

/* Begin PBXResourcesBuildPhase section */
		6CB61BEB2204496200F8F096 /* Resources */ = {
			isa = PBXResourcesBuildPhase;
			buildActionMask = 2147483647;
			files = (
				6CB61BFD2204496400F8F096 /* LaunchScreen.storyboard in Resources */,
				6CB61C0F2205502100F8F096 /* TableViewCell.xib in Resources */,
				6CB61C0A22044AA900F8F096 /* member.db in Resources */,
				6CB61C1C22055E7900F8F096 /* sdRefeshView_arrow@2x.png in Resources */,
				6CB61BFA2204496400F8F096 /* Assets.xcassets in Resources */,
				6CB61C322205669800F8F096 /* ParkingDetailCell.xib in Resources */,
				6CB61C282205615400F8F096 /* ParkingDetailViewController.xib in Resources */,
				6CB61BF82204496200F8F096 /* Main.storyboard in Resources */,
			);
			runOnlyForDeploymentPostprocessing = 0;
		};
/* End PBXResourcesBuildPhase section */

/* Begin PBXShellScriptBuildPhase section */
		CDDE5149EFD1B90BD610E3D4 /* [CP] Check Pods Manifest.lock */ = {
			isa = PBXShellScriptBuildPhase;
			buildActionMask = 2147483647;
			files = (
			);
			inputFileListPaths = (
			);
			inputPaths = (
				"${PODS_PODFILE_DIR_PATH}/Podfile.lock",
				"${PODS_ROOT}/Manifest.lock",
			);
			name = "[CP] Check Pods Manifest.lock";
			outputFileListPaths = (
			);
			outputPaths = (
				"$(DERIVED_FILE_DIR)/Pods-MicroProgramTest-checkManifestLockResult.txt",
			);
			runOnlyForDeploymentPostprocessing = 0;
			shellPath = /bin/sh;
			shellScript = "diff \"${PODS_PODFILE_DIR_PATH}/Podfile.lock\" \"${PODS_ROOT}/Manifest.lock\" > /dev/null\nif [ $? != 0 ] ; then\n    # print error to STDERR\n    echo \"error: The sandbox is not in sync with the Podfile.lock. Run 'pod install' or update your CocoaPods installation.\" >&2\n    exit 1\nfi\n# This output is used by Xcode 'outputs' to avoid re-running this script phase.\necho \"SUCCESS\" > \"${SCRIPT_OUTPUT_FILE_0}\"\n";
			showEnvVarsInLog = 0;
		};
/* End PBXShellScriptBuildPhase section */

/* Begin PBXSourcesBuildPhase section */
		6CB61BE92204496200F8F096 /* Sources */ = {
			isa = PBXSourcesBuildPhase;
			buildActionMask = 2147483647;
			files = (
				6CB61C2322055EEE00F8F096 /* ProgressHUD.m in Sources */,
				6CB61BF52204496200F8F096 /* ViewController.m in Sources */,
				6CB61C1D22055E7900F8F096 /* UIView+SDExtension.m in Sources */,
				6CAD38BD2212955900B7DED8 /* CustomAnnotation.m in Sources */,
				6CB61C0E2205502100F8F096 /* TableViewCell.m in Sources */,
				6CB61C1F22055E7900F8F096 /* SDRefreshView.m in Sources */,
				6CB61C002204496400F8F096 /* main.m in Sources */,
				6CB61C272205615400F8F096 /* ParkingDetailViewController.m in Sources */,
				6CB61C1B22055E7900F8F096 /* SDRefreshHeaderView.m in Sources */,
				6CB61C312205669800F8F096 /* ParkingDetailCell.m in Sources */,
				6CB61C1E22055E7900F8F096 /* SDRefreshFooterView.m in Sources */,
				6CB61BF22204496200F8F096 /* AppDelegate.m in Sources */,
			);
			runOnlyForDeploymentPostprocessing = 0;
		};
/* End PBXSourcesBuildPhase section */

/* Begin PBXVariantGroup section */
		6CB61BF62204496200F8F096 /* Main.storyboard */ = {
			isa = PBXVariantGroup;
			children = (
				6CB61BF72204496200F8F096 /* Base */,
			);
			name = Main.storyboard;
			sourceTree = "<group>";
		};
		6CB61BFB2204496400F8F096 /* LaunchScreen.storyboard */ = {
			isa = PBXVariantGroup;
			children = (
				6CB61BFC2204496400F8F096 /* Base */,
			);
			name = LaunchScreen.storyboard;
			sourceTree = "<group>";
		};
/* End PBXVariantGroup section */

/* Begin XCBuildConfiguration section */
		6CB61C012204496400F8F096 /* Debug */ = {
			isa = XCBuildConfiguration;
			buildSettings = {
				ALWAYS_SEARCH_USER_PATHS = NO;
				CLANG_ANALYZER_NONNULL = YES;
				CLANG_ANALYZER_NUMBER_OBJECT_CONVERSION = YES_AGGRESSIVE;
				CLANG_CXX_LANGUAGE_STANDARD = "gnu++14";
				CLANG_CXX_LIBRARY = "libc++";
				CLANG_ENABLE_MODULES = YES;
				CLANG_ENABLE_OBJC_ARC = YES;
				CLANG_ENABLE_OBJC_WEAK = YES;
				CLANG_WARN_BLOCK_CAPTURE_AUTORELEASING = YES;
				CLANG_WARN_BOOL_CONVERSION = YES;
				CLANG_WARN_COMMA = YES;
				CLANG_WARN_CONSTANT_CONVERSION = YES;
				CLANG_WARN_DEPRECATED_OBJC_IMPLEMENTATIONS = YES;
				CLANG_WARN_DIRECT_OBJC_ISA_USAGE = YES_ERROR;
				CLANG_WARN_DOCUMENTATION_COMMENTS = YES;
				CLANG_WARN_EMPTY_BODY = YES;
				CLANG_WARN_ENUM_CONVERSION = YES;
				CLANG_WARN_INFINITE_RECURSION = YES;
				CLANG_WARN_INT_CONVERSION = YES;
				CLANG_WARN_NON_LITERAL_NULL_CONVERSION = YES;
				CLANG_WARN_OBJC_IMPLICIT_RETAIN_SELF = YES;
				CLANG_WARN_OBJC_LITERAL_CONVERSION = YES;
				CLANG_WARN_OBJC_ROOT_CLASS = YES_ERROR;
				CLANG_WARN_RANGE_LOOP_ANALYSIS = YES;
				CLANG_WARN_STRICT_PROTOTYPES = YES;
				CLANG_WARN_SUSPICIOUS_MOVE = YES;
				CLANG_WARN_UNGUARDED_AVAILABILITY = YES_AGGRESSIVE;
				CLANG_WARN_UNREACHABLE_CODE = YES;
				CLANG_WARN__DUPLICATE_METHOD_MATCH = YES;
				CODE_SIGN_IDENTITY = "iPhone Developer";
				COPY_PHASE_STRIP = NO;
				DEBUG_INFORMATION_FORMAT = dwarf;
				ENABLE_STRICT_OBJC_MSGSEND = YES;
				ENABLE_TESTABILITY = YES;
				GCC_C_LANGUAGE_STANDARD = gnu11;
				GCC_DYNAMIC_NO_PIC = NO;
				GCC_NO_COMMON_BLOCKS = YES;
				GCC_OPTIMIZATION_LEVEL = 0;
				GCC_PREPROCESSOR_DEFINITIONS = (
					"DEBUG=1",
					"$(inherited)",
				);
				GCC_WARN_64_TO_32_BIT_CONVERSION = YES;
				GCC_WARN_ABOUT_RETURN_TYPE = YES_ERROR;
				GCC_WARN_UNDECLARED_SELECTOR = YES;
				GCC_WARN_UNINITIALIZED_AUTOS = YES_AGGRESSIVE;
				GCC_WARN_UNUSED_FUNCTION = YES;
				GCC_WARN_UNUSED_VARIABLE = YES;
				IPHONEOS_DEPLOYMENT_TARGET = 12.1;
				MTL_ENABLE_DEBUG_INFO = INCLUDE_SOURCE;
				MTL_FAST_MATH = YES;
				ONLY_ACTIVE_ARCH = YES;
				SDKROOT = iphoneos;
			};
			name = Debug;
		};
		6CB61C022204496400F8F096 /* Release */ = {
			isa = XCBuildConfiguration;
			buildSettings = {
				ALWAYS_SEARCH_USER_PATHS = NO;
				CLANG_ANALYZER_NONNULL = YES;
				CLANG_ANALYZER_NUMBER_OBJECT_CONVERSION = YES_AGGRESSIVE;
				CLANG_CXX_LANGUAGE_STANDARD = "gnu++14";
				CLANG_CXX_LIBRARY = "libc++";
				CLANG_ENABLE_MODULES = YES;
				CLANG_ENABLE_OBJC_ARC = YES;
				CLANG_ENABLE_OBJC_WEAK = YES;
				CLANG_WARN_BLOCK_CAPTURE_AUTORELEASING = YES;
				CLANG_WARN_BOOL_CONVERSION = YES;
				CLANG_WARN_COMMA = YES;
				CLANG_WARN_CONSTANT_CONVERSION = YES;
				CLANG_WARN_DEPRECATED_OBJC_IMPLEMENTATIONS = YES;
				CLANG_WARN_DIRECT_OBJC_ISA_USAGE = YES_ERROR;
				CLANG_WARN_DOCUMENTATION_COMMENTS = YES;
				CLANG_WARN_EMPTY_BODY = YES;
				CLANG_WARN_ENUM_CONVERSION = YES;
				CLANG_WARN_INFINITE_RECURSION = YES;
				CLANG_WARN_INT_CONVERSION = YES;
				CLANG_WARN_NON_LITERAL_NULL_CONVERSION = YES;
				CLANG_WARN_OBJC_IMPLICIT_RETAIN_SELF = YES;
				CLANG_WARN_OBJC_LITERAL_CONVERSION = YES;
				CLANG_WARN_OBJC_ROOT_CLASS = YES_ERROR;
				CLANG_WARN_RANGE_LOOP_ANALYSIS = YES;
				CLANG_WARN_STRICT_PROTOTYPES = YES;
				CLANG_WARN_SUSPICIOUS_MOVE = YES;
				CLANG_WARN_UNGUARDED_AVAILABILITY = YES_AGGRESSIVE;
				CLANG_WARN_UNREACHABLE_CODE = YES;
				CLANG_WARN__DUPLICATE_METHOD_MATCH = YES;
				CODE_SIGN_IDENTITY = "iPhone Developer";
				COPY_PHASE_STRIP = NO;
				DEBUG_INFORMATION_FORMAT = "dwarf-with-dsym";
				ENABLE_NS_ASSERTIONS = NO;
				ENABLE_STRICT_OBJC_MSGSEND = YES;
				GCC_C_LANGUAGE_STANDARD = gnu11;
				GCC_NO_COMMON_BLOCKS = YES;
				GCC_WARN_64_TO_32_BIT_CONVERSION = YES;
				GCC_WARN_ABOUT_RETURN_TYPE = YES_ERROR;
				GCC_WARN_UNDECLARED_SELECTOR = YES;
				GCC_WARN_UNINITIALIZED_AUTOS = YES_AGGRESSIVE;
				GCC_WARN_UNUSED_FUNCTION = YES;
				GCC_WARN_UNUSED_VARIABLE = YES;
				IPHONEOS_DEPLOYMENT_TARGET = 12.1;
				MTL_ENABLE_DEBUG_INFO = NO;
				MTL_FAST_MATH = YES;
				SDKROOT = iphoneos;
				VALIDATE_PRODUCT = YES;
			};
			name = Release;
		};
		6CB61C042204496400F8F096 /* Debug */ = {
			isa = XCBuildConfiguration;
			baseConfigurationReference = 03F61B10ED77E6F8BAFF90EA /* Pods-MicroProgramTest.debug.xcconfig */;
			buildSettings = {
				ASSETCATALOG_COMPILER_APPICON_NAME = AppIcon;
				CODE_SIGN_STYLE = Automatic;
				DEVELOPMENT_TEAM = ZG83WP8K82;
				INFOPLIST_FILE = MicroProgramTest/Info.plist;
				LD_RUNPATH_SEARCH_PATHS = (
					"$(inherited)",
					"@executable_path/Frameworks",
				);
				PRODUCT_BUNDLE_IDENTIFIER = com.OwenHuang.MicroProgramTest;
				PRODUCT_NAME = "$(TARGET_NAME)";
				TARGETED_DEVICE_FAMILY = "1,2";
			};
			name = Debug;
		};
		6CB61C052204496400F8F096 /* Release */ = {
			isa = XCBuildConfiguration;
			baseConfigurationReference = 21AC36D39EDBF74EAD9C2B6A /* Pods-MicroProgramTest.release.xcconfig */;
			buildSettings = {
				ASSETCATALOG_COMPILER_APPICON_NAME = AppIcon;
				CODE_SIGN_STYLE = Automatic;
				DEVELOPMENT_TEAM = ZG83WP8K82;
				INFOPLIST_FILE = MicroProgramTest/Info.plist;
				LD_RUNPATH_SEARCH_PATHS = (
					"$(inherited)",
					"@executable_path/Frameworks",
				);
				PRODUCT_BUNDLE_IDENTIFIER = com.OwenHuang.MicroProgramTest;
				PRODUCT_NAME = "$(TARGET_NAME)";
				TARGETED_DEVICE_FAMILY = "1,2";
			};
			name = Release;
		};
/* End XCBuildConfiguration section */

/* Begin XCConfigurationList section */
		6CB61BE82204496200F8F096 /* Build configuration list for PBXProject "MicroProgramTest" */ = {
			isa = XCConfigurationList;
			buildConfigurations = (
				6CB61C012204496400F8F096 /* Debug */,
				6CB61C022204496400F8F096 /* Release */,
			);
			defaultConfigurationIsVisible = 0;
			defaultConfigurationName = Release;
		};
		6CB61C032204496400F8F096 /* Build configuration list for PBXNativeTarget "MicroProgramTest" */ = {
			isa = XCConfigurationList;
			buildConfigurations = (
				6CB61C042204496400F8F096 /* Debug */,
				6CB61C052204496400F8F096 /* Release */,
			);
			defaultConfigurationIsVisible = 0;
			defaultConfigurationName = Release;
		};
/* End XCConfigurationList section */
	};
	rootObject = 6CB61BE52204496200F8F096 /* Project object */;
}
